
Microsoft Visual Studio Solution File, Format Version 12.00
# Visual Studio 15
VisualStudioVersion = 15.0.26730.12
MinimumVisualStudioVersion = 10.0.40219.1
Project("{8BC9CEB8-8B4A-11D0-8D11-00A0C91BC942}") = "Nildavellir", "Nildavellir\Nildavellir.vcxproj", "{7D052A48-276D-430C-A5D0-4CA6AB402961}"
EndProject
Project("{8BC9CEB8-8B4A-11D0-8D11-00A0C91BC942}") = "Niflheim", "Niflheim\Niflheim.vcxproj", "{7F2F2130-1168-4743-B8D6-330E7E965418}"
EndProject
Project("{8BC9CEB8-8B4A-11D0-8D11-00A0C91BC942}") = "Vanaheimr", "Vanaheimr\Vanaheimr.vcxproj", "{F54642D7-9E56-46B7-87B6-4A3E7ED07C92}"
EndProject
Project("{2150E333-8FDC-42A3-9474-1A3956D46DE8}") = "Solution Items", "Solution Items", "{F22697D8-349D-4E5E-9169-9E85F3D6F953}"
	ProjectSection(SolutionItems) = preProject
		Documentation\ReadMe.txt = Documentation\ReadMe.txt
	EndProjectSection
EndProject
Project("{8BC9CEB8-8B4A-11D0-8D11-00A0C91BC942}") = "Helheimr", "Helheimr\Helheimr.vcxproj", "{CE36917C-A87A-4A78-AFFF-72F8C47143B3}"
	ProjectSection(ProjectDependencies) = postProject
		{7F2F2130-1168-4743-B8D6-330E7E965418} = {7F2F2130-1168-4743-B8D6-330E7E965418}
	EndProjectSection
EndProject
Project("{8BC9CEB8-8B4A-11D0-8D11-00A0C91BC942}") = "Alfheimr", "Alfheimr\Alfheim.vcxproj", "{F1E4BF01-EF7D-4331-AE9C-B167D9AB2E92}"
	ProjectSection(ProjectDependencies) = postProject
		{7F2F2130-1168-4743-B8D6-330E7E965418} = {7F2F2130-1168-4743-B8D6-330E7E965418}
		{CE36917C-A87A-4A78-AFFF-72F8C47143B3} = {CE36917C-A87A-4A78-AFFF-72F8C47143B3}
		{F54642D7-9E56-46B7-87B6-4A3E7ED07C92} = {F54642D7-9E56-46B7-87B6-4A3E7ED07C92}
		{8E11ADE8-4C52-443E-915F-FAE19EECE2DB} = {8E11ADE8-4C52-443E-915F-FAE19EECE2DB}
	EndProjectSection
EndProject
Project("{8BC9CEB8-8B4A-11D0-8D11-00A0C91BC942}") = "Muspelheim", "Muspelheim\Muspelheim.vcxproj", "{8E11ADE8-4C52-443E-915F-FAE19EECE2DB}"
	ProjectSection(ProjectDependencies) = postProject
		{7F2F2130-1168-4743-B8D6-330E7E965418} = {7F2F2130-1168-4743-B8D6-330E7E965418}
		{F54642D7-9E56-46B7-87B6-4A3E7ED07C92} = {F54642D7-9E56-46B7-87B6-4A3E7ED07C92}
	EndProjectSection
EndProject
Project("{8BC9CEB8-8B4A-11D0-8D11-00A0C91BC942}") = "Midgard", "Midgard\Midgard.vcxproj", "{0319AEE2-4D2A-48CE-AFFA-319850C85E33}"
	ProjectSection(ProjectDependencies) = postProject
		{F1E4BF01-EF7D-4331-AE9C-B167D9AB2E92} = {F1E4BF01-EF7D-4331-AE9C-B167D9AB2E92}
		{7F2F2130-1168-4743-B8D6-330E7E965418} = {7F2F2130-1168-4743-B8D6-330E7E965418}
		{CE36917C-A87A-4A78-AFFF-72F8C47143B3} = {CE36917C-A87A-4A78-AFFF-72F8C47143B3}
		{2B29F3AC-B8DC-4201-9A01-32A312CBD0FA} = {2B29F3AC-B8DC-4201-9A01-32A312CBD0FA}
		{F54642D7-9E56-46B7-87B6-4A3E7ED07C92} = {F54642D7-9E56-46B7-87B6-4A3E7ED07C92}
		{8E11ADE8-4C52-443E-915F-FAE19EECE2DB} = {8E11ADE8-4C52-443E-915F-FAE19EECE2DB}
	EndProjectSection
EndProject
Project("{8BC9CEB8-8B4A-11D0-8D11-00A0C91BC942}") = "Valhalla", "Valhalla\Valhalla.vcxproj", "{2B29F3AC-B8DC-4201-9A01-32A312CBD0FA}"
EndProject
Global
	GlobalSection(SolutionConfigurationPlatforms) = preSolution
		Debug|x64 = Debug|x64
		Debug|x86 = Debug|x86
		Release|x64 = Release|x64
		Release|x86 = Release|x86
	EndGlobalSection
	GlobalSection(ProjectConfigurationPlatforms) = postSolution
		{7D052A48-276D-430C-A5D0-4CA6AB402961}.Debug|x64.ActiveCfg = Debug|x64
		{7D052A48-276D-430C-A5D0-4CA6AB402961}.Debug|x64.Build.0 = Debug|x64
		{7D052A48-276D-430C-A5D0-4CA6AB402961}.Debug|x86.ActiveCfg = Debug|Win32
		{7D052A48-276D-430C-A5D0-4CA6AB402961}.Debug|x86.Build.0 = Debug|Win32
		{7D052A48-276D-430C-A5D0-4CA6AB402961}.Release|x64.ActiveCfg = Release|x64
		{7D052A48-276D-430C-A5D0-4CA6AB402961}.Release|x64.Build.0 = Release|x64
		{7D052A48-276D-430C-A5D0-4CA6AB402961}.Release|x86.ActiveCfg = Release|Win32
		{7D052A48-276D-430C-A5D0-4CA6AB402961}.Release|x86.Build.0 = Release|Win32
		{7F2F2130-1168-4743-B8D6-330E7E965418}.Debug|x64.ActiveCfg = Debug|x64
		{7F2F2130-1168-4743-B8D6-330E7E965418}.Debug|x64.Build.0 = Debug|x64
		{7F2F2130-1168-4743-B8D6-330E7E965418}.Debug|x86.ActiveCfg = Debug|Win32
		{7F2F2130-1168-4743-B8D6-330E7E965418}.Debug|x86.Build.0 = Debug|Win32
		{7F2F2130-1168-4743-B8D6-330E7E965418}.Release|x64.ActiveCfg = Release|x64
		{7F2F2130-1168-4743-B8D6-330E7E965418}.Release|x64.Build.0 = Release|x64
		{7F2F2130-1168-4743-B8D6-330E7E965418}.Release|x86.ActiveCfg = Release|Win32
		{7F2F2130-1168-4743-B8D6-330E7E965418}.Release|x86.Build.0 = Release|Win32
		{F54642D7-9E56-46B7-87B6-4A3E7ED07C92}.Debug|x64.ActiveCfg = Debug|x64
		{F54642D7-9E56-46B7-87B6-4A3E7ED07C92}.Debug|x64.Build.0 = Debug|x64
		{F54642D7-9E56-46B7-87B6-4A3E7ED07C92}.Debug|x86.ActiveCfg = Debug|Win32
		{F54642D7-9E56-46B7-87B6-4A3E7ED07C92}.Debug|x86.Build.0 = Debug|Win32
		{F54642D7-9E56-46B7-87B6-4A3E7ED07C92}.Release|x64.ActiveCfg = Release|x64
		{F54642D7-9E56-46B7-87B6-4A3E7ED07C92}.Release|x64.Build.0 = Release|x64
		{F54642D7-9E56-46B7-87B6-4A3E7ED07C92}.Release|x86.ActiveCfg = Release|Win32
		{F54642D7-9E56-46B7-87B6-4A3E7ED07C92}.Release|x86.Build.0 = Release|Win32
		{CE36917C-A87A-4A78-AFFF-72F8C47143B3}.Debug|x64.ActiveCfg = Debug|x64
		{CE36917C-A87A-4A78-AFFF-72F8C47143B3}.Debug|x64.Build.0 = Debug|x64
		{CE36917C-A87A-4A78-AFFF-72F8C47143B3}.Debug|x86.ActiveCfg = Debug|Win32
		{CE36917C-A87A-4A78-AFFF-72F8C47143B3}.Debug|x86.Build.0 = Debug|Win32
		{CE36917C-A87A-4A78-AFFF-72F8C47143B3}.Release|x64.ActiveCfg = Release|x64
		{CE36917C-A87A-4A78-AFFF-72F8C47143B3}.Release|x64.Build.0 = Release|x64
		{CE36917C-A87A-4A78-AFFF-72F8C47143B3}.Release|x86.ActiveCfg = Release|Win32
		{CE36917C-A87A-4A78-AFFF-72F8C47143B3}.Release|x86.Build.0 = Release|Win32
		{F1E4BF01-EF7D-4331-AE9C-B167D9AB2E92}.Debug|x64.ActiveCfg = Debug|x64
		{F1E4BF01-EF7D-4331-AE9C-B167D9AB2E92}.Debug|x64.Build.0 = Debug|x64
		{F1E4BF01-EF7D-4331-AE9C-B167D9AB2E92}.Debug|x86.ActiveCfg = Debug|Win32
		{F1E4BF01-EF7D-4331-AE9C-B167D9AB2E92}.Debug|x86.Build.0 = Debug|Win32
		{F1E4BF01-EF7D-4331-AE9C-B167D9AB2E92}.Release|x64.ActiveCfg = Release|x64
		{F1E4BF01-EF7D-4331-AE9C-B167D9AB2E92}.Release|x64.Build.0 = Release|x64
		{F1E4BF01-EF7D-4331-AE9C-B167D9AB2E92}.Release|x86.ActiveCfg = Release|Win32
		{F1E4BF01-EF7D-4331-AE9C-B167D9AB2E92}.Release|x86.Build.0 = Release|Win32
		{8E11ADE8-4C52-443E-915F-FAE19EECE2DB}.Debug|x64.ActiveCfg = Debug|x64
		{8E11ADE8-4C52-443E-915F-FAE19EECE2DB}.Debug|x64.Build.0 = Debug|x64
		{8E11ADE8-4C52-443E-915F-FAE19EECE2DB}.Debug|x86.ActiveCfg = Debug|Win32
		{8E11ADE8-4C52-443E-915F-FAE19EECE2DB}.Debug|x86.Build.0 = Debug|Win32
		{8E11ADE8-4C52-443E-915F-FAE19EECE2DB}.Release|x64.ActiveCfg = Release|x64
		{8E11ADE8-4C52-443E-915F-FAE19EECE2DB}.Release|x64.Build.0 = Release|x64
		{8E11ADE8-4C52-443E-915F-FAE19EECE2DB}.Release|x86.ActiveCfg = Release|Win32
		{8E11ADE8-4C52-443E-915F-FAE19EECE2DB}.Release|x86.Build.0 = Release|Win32
		{0319AEE2-4D2A-48CE-AFFA-319850C85E33}.Debug|x64.ActiveCfg = Debug|x64
		{0319AEE2-4D2A-48CE-AFFA-319850C85E33}.Debug|x64.Build.0 = Debug|x64
		{0319AEE2-4D2A-48CE-AFFA-319850C85E33}.Debug|x86.ActiveCfg = Debug|Win32
		{0319AEE2-4D2A-48CE-AFFA-319850C85E33}.Debug|x86.Build.0 = Debug|Win32
		{0319AEE2-4D2A-48CE-AFFA-319850C85E33}.Release|x64.ActiveCfg = Release|x64
		{0319AEE2-4D2A-48CE-AFFA-319850C85E33}.Release|x64.Build.0 = Release|x64
		{0319AEE2-4D2A-48CE-AFFA-319850C85E33}.Release|x86.ActiveCfg = Release|Win32
		{0319AEE2-4D2A-48CE-AFFA-319850C85E33}.Release|x86.Build.0 = Release|Win32
		{2B29F3AC-B8DC-4201-9A01-32A312CBD0FA}.Debug|x64.ActiveCfg = Debug|x64
		{2B29F3AC-B8DC-4201-9A01-32A312CBD0FA}.Debug|x64.Build.0 = Debug|x64
		{2B29F3AC-B8DC-4201-9A01-32A312CBD0FA}.Debug|x86.ActiveCfg = Debug|Win32
		{2B29F3AC-B8DC-4201-9A01-32A312CBD0FA}.Debug|x86.Build.0 = Debug|Win32
		{2B29F3AC-B8DC-4201-9A01-32A312CBD0FA}.Release|x64.ActiveCfg = Release|x64
		{2B29F3AC-B8DC-4201-9A01-32A312CBD0FA}.Release|x64.Build.0 = Release|x64
		{2B29F3AC-B8DC-4201-9A01-32A312CBD0FA}.Release|x86.ActiveCfg = Release|Win32
		{2B29F3AC-B8DC-4201-9A01-32A312CBD0FA}.Release|x86.Build.0 = Release|Win32
	EndGlobalSection
	GlobalSection(SolutionProperties) = preSolution
		HideSolutionNode = FALSE
	EndGlobalSection
	GlobalSection(ExtensibilityGlobals) = postSolution
		SolutionGuid = {63AF22EC-F695-48A2-97FF-73158C7A49A4}
	EndGlobalSection
EndGlobal
